// !$*UTF8*$!
{
	archiveVersion = 1;
	classes = {
	};
	objectVersion = 56;
	objects = {

/* Begin PBXBuildFile section */
		A22BD6802A7D6A1E001AB319 /* Animate_Alignment.swift in Sources */ = {isa = PBXBuildFile; fileRef = A22BD67F2A7D6A1E001AB319 /* Animate_Alignment.swift */; };
		A22BD6822A7D6BCE001AB319 /* Animate_GeometryReader.swift in Sources */ = {isa = PBXBuildFile; fileRef = A22BD6812A7D6BCE001AB319 /* Animate_GeometryReader.swift */; };
		A22BD6842A7D6E23001AB319 /* Animate_Opacity.swift in Sources */ = {isa = PBXBuildFile; fileRef = A22BD6832A7D6E23001AB319 /* Animate_Opacity.swift */; };
		A22BD6862A7D6FB3001AB319 /* Animate_RotationEffect.swift in Sources */ = {isa = PBXBuildFile; fileRef = A22BD6852A7D6FB3001AB319 /* Animate_RotationEffect.swift */; };
		A22BD6882A7E0F08001AB319 /* Animate_RotationEffect_Anchors.swift in Sources */ = {isa = PBXBuildFile; fileRef = A22BD6872A7E0F08001AB319 /* Animate_RotationEffect_Anchors.swift */; };
		A22BD68A2A7E1208001AB319 /* Animate_Size_Frame.swift in Sources */ = {isa = PBXBuildFile; fileRef = A22BD6892A7E1208001AB319 /* Animate_Size_Frame.swift */; };
		A22BD68C2A7E13A0001AB319 /* Animate_Size_ScaleEffect.swift in Sources */ = {isa = PBXBuildFile; fileRef = A22BD68B2A7E13A0001AB319 /* Animate_Size_ScaleEffect.swift */; };
		A22BD68E2A7E159B001AB319 /* Animate_ScaleEffect_Anchors.swift in Sources */ = {isa = PBXBuildFile; fileRef = A22BD68D2A7E159B001AB319 /* Animate_ScaleEffect_Anchors.swift */; };
		A22BD6902A7E1A86001AB319 /* Animate_RoundedCorners.swift in Sources */ = {isa = PBXBuildFile; fileRef = A22BD68F2A7E1A86001AB319 /* Animate_RoundedCorners.swift */; };
		A22BD6922A7E1BD3001AB319 /* Animate_TextSize.swift in Sources */ = {isa = PBXBuildFile; fileRef = A22BD6912A7E1BD3001AB319 /* Animate_TextSize.swift */; };
		A22BD6942A7E1D16001AB319 /* Animate_TextSize_ScaleEffect.swift in Sources */ = {isa = PBXBuildFile; fileRef = A22BD6932A7E1D16001AB319 /* Animate_TextSize_ScaleEffect.swift */; };
		A22BD6962A7E1DCD001AB319 /* Animate_TextSize_ScaleEffect_Solution.swift in Sources */ = {isa = PBXBuildFile; fileRef = A22BD6952A7E1DCD001AB319 /* Animate_TextSize_ScaleEffect_Solution.swift */; };
		A22BD6982A7E1E49001AB319 /* Animate_Trim.swift in Sources */ = {isa = PBXBuildFile; fileRef = A22BD6972A7E1E49001AB319 /* Animate_Trim.swift */; };
		A22BD69A2A7E45C2001AB319 /* Exercise1_TheSetup.swift in Sources */ = {isa = PBXBuildFile; fileRef = A22BD6992A7E45C2001AB319 /* Exercise1_TheSetup.swift */; };
		A22BD69C2A7E4999001AB319 /* Exercise1_FadeInWithOpacity.swift in Sources */ = {isa = PBXBuildFile; fileRef = A22BD69B2A7E4999001AB319 /* Exercise1_FadeInWithOpacity.swift */; };
		A22BD69E2A7E4AA2001AB319 /* Execrcise1_FadeInWithOpacity_Refactor.swift in Sources */ = {isa = PBXBuildFile; fileRef = A22BD69D2A7E4AA2001AB319 /* Execrcise1_FadeInWithOpacity_Refactor.swift */; };
		A29F85DD2A7D2570002B26E1 /* EssentialAnimationApp.swift in Sources */ = {isa = PBXBuildFile; fileRef = A29F85DC2A7D2570002B26E1 /* EssentialAnimationApp.swift */; };
		A29F85DF2A7D2570002B26E1 /* ContentView.swift in Sources */ = {isa = PBXBuildFile; fileRef = A29F85DE2A7D2570002B26E1 /* ContentView.swift */; };
		A29F85E12A7D2571002B26E1 /* Assets.xcassets in Resources */ = {isa = PBXBuildFile; fileRef = A29F85E02A7D2571002B26E1 /* Assets.xcassets */; };
		A29F85E42A7D2571002B26E1 /* Preview Assets.xcassets in Resources */ = {isa = PBXBuildFile; fileRef = A29F85E32A7D2571002B26E1 /* Preview Assets.xcassets */; };
		A29F85EB2A7D259E002B26E1 /* Example_NoAnimation.swift in Sources */ = {isa = PBXBuildFile; fileRef = A29F85EA2A7D259E002B26E1 /* Example_NoAnimation.swift */; };
		A29F85ED2A7D2810002B26E1 /* Example_WithAnimation.swift in Sources */ = {isa = PBXBuildFile; fileRef = A29F85EC2A7D2810002B26E1 /* Example_WithAnimation.swift */; };
		A29F85EF2A7D348C002B26E1 /* Animate_Color.swift in Sources */ = {isa = PBXBuildFile; fileRef = A29F85EE2A7D348C002B26E1 /* Animate_Color.swift */; };
		A29F85F12A7D36B7002B26E1 /* Animate_HueRotation.swift in Sources */ = {isa = PBXBuildFile; fileRef = A29F85F02A7D36B7002B26E1 /* Animate_HueRotation.swift */; };
		A29F85F32A7D3B79002B26E1 /* Animate_Offset.swift in Sources */ = {isa = PBXBuildFile; fileRef = A29F85F22A7D3B79002B26E1 /* Animate_Offset.swift */; };
/* End PBXBuildFile section */

/* Begin PBXFileReference section */
		A22BD67F2A7D6A1E001AB319 /* Animate_Alignment.swift */ = {isa = PBXFileReference; lastKnownFileType = sourcecode.swift; path = Animate_Alignment.swift; sourceTree = "<group>"; };
		A22BD6812A7D6BCE001AB319 /* Animate_GeometryReader.swift */ = {isa = PBXFileReference; lastKnownFileType = sourcecode.swift; path = Animate_GeometryReader.swift; sourceTree = "<group>"; };
		A22BD6832A7D6E23001AB319 /* Animate_Opacity.swift */ = {isa = PBXFileReference; lastKnownFileType = sourcecode.swift; path = Animate_Opacity.swift; sourceTree = "<group>"; };
		A22BD6852A7D6FB3001AB319 /* Animate_RotationEffect.swift */ = {isa = PBXFileReference; lastKnownFileType = sourcecode.swift; path = Animate_RotationEffect.swift; sourceTree = "<group>"; };
		A22BD6872A7E0F08001AB319 /* Animate_RotationEffect_Anchors.swift */ = {isa = PBXFileReference; lastKnownFileType = sourcecode.swift; path = Animate_RotationEffect_Anchors.swift; sourceTree = "<group>"; };
		A22BD6892A7E1208001AB319 /* Animate_Size_Frame.swift */ = {isa = PBXFileReference; lastKnownFileType = sourcecode.swift; path = Animate_Size_Frame.swift; sourceTree = "<group>"; };
		A22BD68B2A7E13A0001AB319 /* Animate_Size_ScaleEffect.swift */ = {isa = PBXFileReference; lastKnownFileType = sourcecode.swift; path = Animate_Size_ScaleEffect.swift; sourceTree = "<group>"; };
		A22BD68D2A7E159B001AB319 /* Animate_ScaleEffect_Anchors.swift */ = {isa = PBXFileReference; lastKnownFileType = sourcecode.swift; path = Animate_ScaleEffect_Anchors.swift; sourceTree = "<group>"; };
		A22BD68F2A7E1A86001AB319 /* Animate_RoundedCorners.swift */ = {isa = PBXFileReference; lastKnownFileType = sourcecode.swift; path = Animate_RoundedCorners.swift; sourceTree = "<group>"; };
		A22BD6912A7E1BD3001AB319 /* Animate_TextSize.swift */ = {isa = PBXFileReference; lastKnownFileType = sourcecode.swift; path = Animate_TextSize.swift; sourceTree = "<group>"; };
		A22BD6932A7E1D16001AB319 /* Animate_TextSize_ScaleEffect.swift */ = {isa = PBXFileReference; lastKnownFileType = sourcecode.swift; path = Animate_TextSize_ScaleEffect.swift; sourceTree = "<group>"; };
		A22BD6952A7E1DCD001AB319 /* Animate_TextSize_ScaleEffect_Solution.swift */ = {isa = PBXFileReference; lastKnownFileType = sourcecode.swift; path = Animate_TextSize_ScaleEffect_Solution.swift; sourceTree = "<group>"; };
		A22BD6972A7E1E49001AB319 /* Animate_Trim.swift */ = {isa = PBXFileReference; lastKnownFileType = sourcecode.swift; path = Animate_Trim.swift; sourceTree = "<group>"; };
		A22BD6992A7E45C2001AB319 /* Exercise1_TheSetup.swift */ = {isa = PBXFileReference; lastKnownFileType = sourcecode.swift; path = Exercise1_TheSetup.swift; sourceTree = "<group>"; };
		A22BD69B2A7E4999001AB319 /* Exercise1_FadeInWithOpacity.swift */ = {isa = PBXFileReference; lastKnownFileType = sourcecode.swift; path = Exercise1_FadeInWithOpacity.swift; sourceTree = "<group>"; };
		A22BD69D2A7E4AA2001AB319 /* Execrcise1_FadeInWithOpacity_Refactor.swift */ = {isa = PBXFileReference; lastKnownFileType = sourcecode.swift; path = Execrcise1_FadeInWithOpacity_Refactor.swift; sourceTree = "<group>"; };
		A29F85D92A7D2570002B26E1 /* EssentialAnimation.app */ = {isa = PBXFileReference; explicitFileType = wrapper.application; includeInIndex = 0; path = EssentialAnimation.app; sourceTree = BUILT_PRODUCTS_DIR; };
		A29F85DC2A7D2570002B26E1 /* EssentialAnimationApp.swift */ = {isa = PBXFileReference; lastKnownFileType = sourcecode.swift; path = EssentialAnimationApp.swift; sourceTree = "<group>"; };
		A29F85DE2A7D2570002B26E1 /* ContentView.swift */ = {isa = PBXFileReference; lastKnownFileType = sourcecode.swift; path = ContentView.swift; sourceTree = "<group>"; };
		A29F85E02A7D2571002B26E1 /* Assets.xcassets */ = {isa = PBXFileReference; lastKnownFileType = folder.assetcatalog; path = Assets.xcassets; sourceTree = "<group>"; };
		A29F85E32A7D2571002B26E1 /* Preview Assets.xcassets */ = {isa = PBXFileReference; lastKnownFileType = folder.assetcatalog; path = "Preview Assets.xcassets"; sourceTree = "<group>"; };
		A29F85EA2A7D259E002B26E1 /* Example_NoAnimation.swift */ = {isa = PBXFileReference; lastKnownFileType = sourcecode.swift; path = Example_NoAnimation.swift; sourceTree = "<group>"; };
		A29F85EC2A7D2810002B26E1 /* Example_WithAnimation.swift */ = {isa = PBXFileReference; lastKnownFileType = sourcecode.swift; path = Example_WithAnimation.swift; sourceTree = "<group>"; };
		A29F85EE2A7D348C002B26E1 /* Animate_Color.swift */ = {isa = PBXFileReference; lastKnownFileType = sourcecode.swift; path = Animate_Color.swift; sourceTree = "<group>"; };
		A29F85F02A7D36B7002B26E1 /* Animate_HueRotation.swift */ = {isa = PBXFileReference; lastKnownFileType = sourcecode.swift; path = Animate_HueRotation.swift; sourceTree = "<group>"; };
		A29F85F22A7D3B79002B26E1 /* Animate_Offset.swift */ = {isa = PBXFileReference; lastKnownFileType = sourcecode.swift; path = Animate_Offset.swift; sourceTree = "<group>"; };
/* End PBXFileReference section */

/* Begin PBXFrameworksBuildPhase section */
		A29F85D62A7D2570002B26E1 /* Frameworks */ = {
			isa = PBXFrameworksBuildPhase;
			buildActionMask = 2147483647;
			files = (
			);
			runOnlyForDeploymentPostprocessing = 0;
		};
/* End PBXFrameworksBuildPhase section */

/* Begin PBXGroup section */
		A29F85D02A7D2570002B26E1 = {
			isa = PBXGroup;
			children = (
				A29F85DB2A7D2570002B26E1 /* EssentialAnimation */,
				A29F85DA2A7D2570002B26E1 /* Products */,
			);
			sourceTree = "<group>";
		};
		A29F85DA2A7D2570002B26E1 /* Products */ = {
			isa = PBXGroup;
			children = (
				A29F85D92A7D2570002B26E1 /* EssentialAnimation.app */,
			);
			name = Products;
			sourceTree = "<group>";
		};
		A29F85DB2A7D2570002B26E1 /* EssentialAnimation */ = {
			isa = PBXGroup;
			children = (
				A29F85DC2A7D2570002B26E1 /* EssentialAnimationApp.swift */,
				A29F85DE2A7D2570002B26E1 /* ContentView.swift */,
				A29F85EA2A7D259E002B26E1 /* Example_NoAnimation.swift */,
				A29F85EC2A7D2810002B26E1 /* Example_WithAnimation.swift */,
				A29F85EE2A7D348C002B26E1 /* Animate_Color.swift */,
				A29F85F02A7D36B7002B26E1 /* Animate_HueRotation.swift */,
				A29F85F22A7D3B79002B26E1 /* Animate_Offset.swift */,
				A22BD67F2A7D6A1E001AB319 /* Animate_Alignment.swift */,
				A22BD6812A7D6BCE001AB319 /* Animate_GeometryReader.swift */,
				A22BD6832A7D6E23001AB319 /* Animate_Opacity.swift */,
				A22BD6852A7D6FB3001AB319 /* Animate_RotationEffect.swift */,
				A22BD6872A7E0F08001AB319 /* Animate_RotationEffect_Anchors.swift */,
				A22BD6892A7E1208001AB319 /* Animate_Size_Frame.swift */,
				A22BD68B2A7E13A0001AB319 /* Animate_Size_ScaleEffect.swift */,
				A22BD68D2A7E159B001AB319 /* Animate_ScaleEffect_Anchors.swift */,
				A22BD68F2A7E1A86001AB319 /* Animate_RoundedCorners.swift */,
				A22BD6912A7E1BD3001AB319 /* Animate_TextSize.swift */,
				A22BD6932A7E1D16001AB319 /* Animate_TextSize_ScaleEffect.swift */,
				A22BD6952A7E1DCD001AB319 /* Animate_TextSize_ScaleEffect_Solution.swift */,
				A22BD6972A7E1E49001AB319 /* Animate_Trim.swift */,
				A22BD6992A7E45C2001AB319 /* Exercise1_TheSetup.swift */,
				A22BD69B2A7E4999001AB319 /* Exercise1_FadeInWithOpacity.swift */,
				A22BD69D2A7E4AA2001AB319 /* Execrcise1_FadeInWithOpacity_Refactor.swift */,
				A29F85E02A7D2571002B26E1 /* Assets.xcassets */,
				A29F85E22A7D2571002B26E1 /* Preview Content */,
			);
			path = EssentialAnimation;
			sourceTree = "<group>";
		};
		A29F85E22A7D2571002B26E1 /* Preview Content */ = {
			isa = PBXGroup;
			children = (
				A29F85E32A7D2571002B26E1 /* Preview Assets.xcassets */,
			);
			path = "Preview Content";
			sourceTree = "<group>";
		};
/* End PBXGroup section */

/* Begin PBXNativeTarget section */
		A29F85D82A7D2570002B26E1 /* EssentialAnimation */ = {
			isa = PBXNativeTarget;
			buildConfigurationList = A29F85E72A7D2571002B26E1 /* Build configuration list for PBXNativeTarget "EssentialAnimation" */;
			buildPhases = (
				A29F85D52A7D2570002B26E1 /* Sources */,
				A29F85D62A7D2570002B26E1 /* Frameworks */,
				A29F85D72A7D2570002B26E1 /* Resources */,
			);
			buildRules = (
			);
			dependencies = (
			);
			name = EssentialAnimation;
			productName = EssentialAnimation;
			productReference = A29F85D92A7D2570002B26E1 /* EssentialAnimation.app */;
			productType = "com.apple.product-type.application";
		};
/* End PBXNativeTarget section */

/* Begin PBXProject section */
		A29F85D12A7D2570002B26E1 /* Project object */ = {
			isa = PBXProject;
			attributes = {
				BuildIndependentTargetsInParallel = 1;
				LastSwiftUpdateCheck = 1430;
				LastUpgradeCheck = 1430;
				TargetAttributes = {
					A29F85D82A7D2570002B26E1 = {
						CreatedOnToolsVersion = 14.3.1;
					};
				};
			};
			buildConfigurationList = A29F85D42A7D2570002B26E1 /* Build configuration list for PBXProject "EssentialAnimation" */;
			compatibilityVersion = "Xcode 14.0";
			developmentRegion = en;
			hasScannedForEncodings = 0;
			knownRegions = (
				en,
				Base,
			);
			mainGroup = A29F85D02A7D2570002B26E1;
			productRefGroup = A29F85DA2A7D2570002B26E1 /* Products */;
			projectDirPath = "";
			projectRoot = "";
			targets = (
				A29F85D82A7D2570002B26E1 /* EssentialAnimation */,
			);
		};
/* End PBXProject section */

/* Begin PBXResourcesBuildPhase section */
		A29F85D72A7D2570002B26E1 /* Resources */ = {
			isa = PBXResourcesBuildPhase;
			buildActionMask = 2147483647;
			files = (
				A29F85E42A7D2571002B26E1 /* Preview Assets.xcassets in Resources */,
				A29F85E12A7D2571002B26E1 /* Assets.xcassets in Resources */,
			);
			runOnlyForDeploymentPostprocessing = 0;
		};
/* End PBXResourcesBuildPhase section */

/* Begin PBXSourcesBuildPhase section */
		A29F85D52A7D2570002B26E1 /* Sources */ = {
			isa = PBXSourcesBuildPhase;
			buildActionMask = 2147483647;
			files = (
				A22BD69C2A7E4999001AB319 /* Exercise1_FadeInWithOpacity.swift in Sources */,
				A22BD68E2A7E159B001AB319 /* Animate_ScaleEffect_Anchors.swift in Sources */,
				A22BD6962A7E1DCD001AB319 /* Animate_TextSize_ScaleEffect_Solution.swift in Sources */,
				A29F85F12A7D36B7002B26E1 /* Animate_HueRotation.swift in Sources */,
				A22BD6982A7E1E49001AB319 /* Animate_Trim.swift in Sources */,
				A22BD69A2A7E45C2001AB319 /* Exercise1_TheSetup.swift in Sources */,
				A22BD6902A7E1A86001AB319 /* Animate_RoundedCorners.swift in Sources */,
				A29F85DF2A7D2570002B26E1 /* ContentView.swift in Sources */,
				A29F85F32A7D3B79002B26E1 /* Animate_Offset.swift in Sources */,
				A22BD6882A7E0F08001AB319 /* Animate_RotationEffect_Anchors.swift in Sources */,
				A29F85ED2A7D2810002B26E1 /* Example_WithAnimation.swift in Sources */,
				A22BD69E2A7E4AA2001AB319 /* Execrcise1_FadeInWithOpacity_Refactor.swift in Sources */,
				A22BD68A2A7E1208001AB319 /* Animate_Size_Frame.swift in Sources */,
				A22BD68C2A7E13A0001AB319 /* Animate_Size_ScaleEffect.swift in Sources */,
				A29F85DD2A7D2570002B26E1 /* EssentialAnimationApp.swift in Sources */,
				A29F85EF2A7D348C002B26E1 /* Animate_Color.swift in Sources */,
				A22BD6822A7D6BCE001AB319 /* Animate_GeometryReader.swift in Sources */,
				A22BD6862A7D6FB3001AB319 /* Animate_RotationEffect.swift in Sources */,
				A22BD6922A7E1BD3001AB319 /* Animate_TextSize.swift in Sources */,
				A29F85EB2A7D259E002B26E1 /* Example_NoAnimation.swift in Sources */,
				A22BD6942A7E1D16001AB319 /* Animate_TextSize_ScaleEffect.swift in Sources */,
				A22BD6802A7D6A1E001AB319 /* Animate_Alignment.swift in Sources */,
				A22BD6842A7D6E23001AB319 /* Animate_Opacity.swift in Sources */,
			);
			runOnlyForDeploymentPostprocessing = 0;
		};
/* End PBXSourcesBuildPhase section */

/* Begin XCBuildConfiguration section */
		A29F85E52A7D2571002B26E1 /* Debug */ = {
			isa = XCBuildConfiguration;
			buildSettings = {
				ALWAYS_SEARCH_USER_PATHS = NO;
				CLANG_ANALYZER_NONNULL = YES;
				CLANG_ANALYZER_NUMBER_OBJECT_CONVERSION = YES_AGGRESSIVE;
				CLANG_CXX_LANGUAGE_STANDARD = "gnu++20";
				CLANG_ENABLE_MODULES = YES;
				CLANG_ENABLE_OBJC_ARC = YES;
				CLANG_ENABLE_OBJC_WEAK = YES;
				CLANG_WARN_BLOCK_CAPTURE_AUTORELEASING = YES;
				CLANG_WARN_BOOL_CONVERSION = YES;
				CLANG_WARN_COMMA = YES;
				CLANG_WARN_CONSTANT_CONVERSION = YES;
				CLANG_WARN_DEPRECATED_OBJC_IMPLEMENTATIONS = YES;
				CLANG_WARN_DIRECT_OBJC_ISA_USAGE = YES_ERROR;
				CLANG_WARN_DOCUMENTATION_COMMENTS = YES;
				CLANG_WARN_EMPTY_BODY = YES;
				CLANG_WARN_ENUM_CONVERSION = YES;
				CLANG_WARN_INFINITE_RECURSION = YES;
				CLANG_WARN_INT_CONVERSION = YES;
				CLANG_WARN_NON_LITERAL_NULL_CONVERSION = YES;
				CLANG_WARN_OBJC_IMPLICIT_RETAIN_SELF = YES;
				CLANG_WARN_OBJC_LITERAL_CONVERSION = YES;
				CLANG_WARN_OBJC_ROOT_CLASS = YES_ERROR;
				CLANG_WARN_QUOTED_INCLUDE_IN_FRAMEWORK_HEADER = YES;
				CLANG_WARN_RANGE_LOOP_ANALYSIS = YES;
				CLANG_WARN_STRICT_PROTOTYPES = YES;
				CLANG_WARN_SUSPICIOUS_MOVE = YES;
				CLANG_WARN_UNGUARDED_AVAILABILITY = YES_AGGRESSIVE;
				CLANG_WARN_UNREACHABLE_CODE = YES;
				CLANG_WARN__DUPLICATE_METHOD_MATCH = YES;
				COPY_PHASE_STRIP = NO;
				DEBUG_INFORMATION_FORMAT = dwarf;
				ENABLE_STRICT_OBJC_MSGSEND = YES;
				ENABLE_TESTABILITY = YES;
				GCC_C_LANGUAGE_STANDARD = gnu11;
				GCC_DYNAMIC_NO_PIC = NO;
				GCC_NO_COMMON_BLOCKS = YES;
				GCC_OPTIMIZATION_LEVEL = 0;
				GCC_PREPROCESSOR_DEFINITIONS = (
					"DEBUG=1",
					"$(inherited)",
				);
				GCC_WARN_64_TO_32_BIT_CONVERSION = YES;
				GCC_WARN_ABOUT_RETURN_TYPE = YES_ERROR;
				GCC_WARN_UNDECLARED_SELECTOR = YES;
				GCC_WARN_UNINITIALIZED_AUTOS = YES_AGGRESSIVE;
				GCC_WARN_UNUSED_FUNCTION = YES;
				GCC_WARN_UNUSED_VARIABLE = YES;
				IPHONEOS_DEPLOYMENT_TARGET = 16.4;
				MTL_ENABLE_DEBUG_INFO = INCLUDE_SOURCE;
				MTL_FAST_MATH = YES;
				ONLY_ACTIVE_ARCH = YES;
				SDKROOT = iphoneos;
				SWIFT_ACTIVE_COMPILATION_CONDITIONS = DEBUG;
				SWIFT_OPTIMIZATION_LEVEL = "-Onone";
			};
			name = Debug;
		};
		A29F85E62A7D2571002B26E1 /* Release */ = {
			isa = XCBuildConfiguration;
			buildSettings = {
				ALWAYS_SEARCH_USER_PATHS = NO;
				CLANG_ANALYZER_NONNULL = YES;
				CLANG_ANALYZER_NUMBER_OBJECT_CONVERSION = YES_AGGRESSIVE;
				CLANG_CXX_LANGUAGE_STANDARD = "gnu++20";
				CLANG_ENABLE_MODULES = YES;
				CLANG_ENABLE_OBJC_ARC = YES;
				CLANG_ENABLE_OBJC_WEAK = YES;
				CLANG_WARN_BLOCK_CAPTURE_AUTORELEASING = YES;
				CLANG_WARN_BOOL_CONVERSION = YES;
				CLANG_WARN_COMMA = YES;
				CLANG_WARN_CONSTANT_CONVERSION = YES;
				CLANG_WARN_DEPRECATED_OBJC_IMPLEMENTATIONS = YES;
				CLANG_WARN_DIRECT_OBJC_ISA_USAGE = YES_ERROR;
				CLANG_WARN_DOCUMENTATION_COMMENTS = YES;
				CLANG_WARN_EMPTY_BODY = YES;
				CLANG_WARN_ENUM_CONVERSION = YES;
				CLANG_WARN_INFINITE_RECURSION = YES;
				CLANG_WARN_INT_CONVERSION = YES;
				CLANG_WARN_NON_LITERAL_NULL_CONVERSION = YES;
				CLANG_WARN_OBJC_IMPLICIT_RETAIN_SELF = YES;
				CLANG_WARN_OBJC_LITERAL_CONVERSION = YES;
				CLANG_WARN_OBJC_ROOT_CLASS = YES_ERROR;
				CLANG_WARN_QUOTED_INCLUDE_IN_FRAMEWORK_HEADER = YES;
				CLANG_WARN_RANGE_LOOP_ANALYSIS = YES;
				CLANG_WARN_STRICT_PROTOTYPES = YES;
				CLANG_WARN_SUSPICIOUS_MOVE = YES;
				CLANG_WARN_UNGUARDED_AVAILABILITY = YES_AGGRESSIVE;
				CLANG_WARN_UNREACHABLE_CODE = YES;
				CLANG_WARN__DUPLICATE_METHOD_MATCH = YES;
				COPY_PHASE_STRIP = NO;
				DEBUG_INFORMATION_FORMAT = "dwarf-with-dsym";
				ENABLE_NS_ASSERTIONS = NO;
				ENABLE_STRICT_OBJC_MSGSEND = YES;
				GCC_C_LANGUAGE_STANDARD = gnu11;
				GCC_NO_COMMON_BLOCKS = YES;
				GCC_WARN_64_TO_32_BIT_CONVERSION = YES;
				GCC_WARN_ABOUT_RETURN_TYPE = YES_ERROR;
				GCC_WARN_UNDECLARED_SELECTOR = YES;
				GCC_WARN_UNINITIALIZED_AUTOS = YES_AGGRESSIVE;
				GCC_WARN_UNUSED_FUNCTION = YES;
				GCC_WARN_UNUSED_VARIABLE = YES;
				IPHONEOS_DEPLOYMENT_TARGET = 16.4;
				MTL_ENABLE_DEBUG_INFO = NO;
				MTL_FAST_MATH = YES;
				SDKROOT = iphoneos;
				SWIFT_COMPILATION_MODE = wholemodule;
				SWIFT_OPTIMIZATION_LEVEL = "-O";
				VALIDATE_PRODUCT = YES;
			};
			name = Release;
		};
		A29F85E82A7D2571002B26E1 /* Debug */ = {
			isa = XCBuildConfiguration;
			buildSettings = {
				ASSETCATALOG_COMPILER_APPICON_NAME = AppIcon;
				ASSETCATALOG_COMPILER_GLOBAL_ACCENT_COLOR_NAME = AccentColor;
				CODE_SIGN_STYLE = Automatic;
				CURRENT_PROJECT_VERSION = 1;
				DEVELOPMENT_ASSET_PATHS = "\"EssentialAnimation/Preview Content\"";
				DEVELOPMENT_TEAM = QZ34R5HG2K;
				ENABLE_PREVIEWS = YES;
				GENERATE_INFOPLIST_FILE = YES;
				INFOPLIST_KEY_UIApplicationSceneManifest_Generation = YES;
				INFOPLIST_KEY_UIApplicationSupportsIndirectInputEvents = YES;
				INFOPLIST_KEY_UILaunchScreen_Generation = YES;
				INFOPLIST_KEY_UISupportedInterfaceOrientations_iPad = "UIInterfaceOrientationPortrait UIInterfaceOrientationPortraitUpsideDown UIInterfaceOrientationLandscapeLeft UIInterfaceOrientationLandscapeRight";
				INFOPLIST_KEY_UISupportedInterfaceOrientations_iPhone = "UIInterfaceOrientationPortrait UIInterfaceOrientationLandscapeLeft UIInterfaceOrientationLandscapeRight";
				LD_RUNPATH_SEARCH_PATHS = (
					"$(inherited)",
					"@executable_path/Frameworks",
				);
				MARKETING_VERSION = 1.0;
				PRODUCT_BUNDLE_IDENTIFIER = rahul.EssentialAnimation;
				PRODUCT_NAME = "$(TARGET_NAME)";
				SWIFT_EMIT_LOC_STRINGS = YES;
				SWIFT_VERSION = 5.0;
				TARGETED_DEVICE_FAMILY = "1,2";
			};
			name = Debug;
		};
		A29F85E92A7D2571002B26E1 /* Release */ = {
			isa = XCBuildConfiguration;
			buildSettings = {
				ASSETCATALOG_COMPILER_APPICON_NAME = AppIcon;
				ASSETCATALOG_COMPILER_GLOBAL_ACCENT_COLOR_NAME = AccentColor;
				CODE_SIGN_STYLE = Automatic;
				CURRENT_PROJECT_VERSION = 1;
				DEVELOPMENT_ASSET_PATHS = "\"EssentialAnimation/Preview Content\"";
				DEVELOPMENT_TEAM = QZ34R5HG2K;
				ENABLE_PREVIEWS = YES;
				GENERATE_INFOPLIST_FILE = YES;
				INFOPLIST_KEY_UIApplicationSceneManifest_Generation = YES;
				INFOPLIST_KEY_UIApplicationSupportsIndirectInputEvents = YES;
				INFOPLIST_KEY_UILaunchScreen_Generation = YES;
				INFOPLIST_KEY_UISupportedInterfaceOrientations_iPad = "UIInterfaceOrientationPortrait UIInterfaceOrientationPortraitUpsideDown UIInterfaceOrientationLandscapeLeft UIInterfaceOrientationLandscapeRight";
				INFOPLIST_KEY_UISupportedInterfaceOrientations_iPhone = "UIInterfaceOrientationPortrait UIInterfaceOrientationLandscapeLeft UIInterfaceOrientationLandscapeRight";
				LD_RUNPATH_SEARCH_PATHS = (
					"$(inherited)",
					"@executable_path/Frameworks",
				);
				MARKETING_VERSION = 1.0;
				PRODUCT_BUNDLE_IDENTIFIER = rahul.EssentialAnimation;
				PRODUCT_NAME = "$(TARGET_NAME)";
				SWIFT_EMIT_LOC_STRINGS = YES;
				SWIFT_VERSION = 5.0;
				TARGETED_DEVICE_FAMILY = "1,2";
			};
			name = Release;
		};
/* End XCBuildConfiguration section */

/* Begin XCConfigurationList section */
		A29F85D42A7D2570002B26E1 /* Build configuration list for PBXProject "EssentialAnimation" */ = {
			isa = XCConfigurationList;
			buildConfigurations = (
				A29F85E52A7D2571002B26E1 /* Debug */,
				A29F85E62A7D2571002B26E1 /* Release */,
			);
			defaultConfigurationIsVisible = 0;
			defaultConfigurationName = Release;
		};
		A29F85E72A7D2571002B26E1 /* Build configuration list for PBXNativeTarget "EssentialAnimation" */ = {
			isa = XCConfigurationList;
			buildConfigurations = (
				A29F85E82A7D2571002B26E1 /* Debug */,
				A29F85E92A7D2571002B26E1 /* Release */,
			);
			defaultConfigurationIsVisible = 0;
			defaultConfigurationName = Release;
		};
/* End XCConfigurationList section */
	};
	rootObject = A29F85D12A7D2570002B26E1 /* Project object */;
}
